
Microsoft Visual Studio Solution File, Format Version 12.00
# Visual Studio Version 17
VisualStudioVersion = 17.5.33516.290
MinimumVisualStudioVersion = 10.0.40219.1
Project("{FAE04EC0-301F-11D3-BF4B-00C04F79EFBC}") = "GAI", "WinFormsApp1\GAI.csproj", "{13D3D3F7-41B4-425C-BD5F-6B8934540AAA}"
EndProject
Global
	GlobalSection(SolutionConfigurationPlatforms) = preSolution
		Debug|Any CPU = Debug|Any CPU
		Release|Any CPU = Release|Any CPU
	EndGlobalSection
	GlobalSection(ProjectConfigurationPlatforms) = postSolution
		{13D3D3F7-41B4-425C-BD5F-6B8934540AAA}.Debug|Any CPU.ActiveCfg = Debug|Any CPU
		{13D3D3F7-41B4-425C-BD5F-6B8934540AAA}.Debug|Any CPU.Build.0 = Debug|Any CPU
		{13D3D3F7-41B4-425C-BD5F-6B8934540AAA}.Release|Any CPU.ActiveCfg = Release|Any CPU
		{13D3D3F7-41B4-425C-BD5F-6B8934540AAA}.Release|Any CPU.Build.0 = Release|Any CPU
	EndGlobalSection
	GlobalSection(SolutionProperties) = preSolution
		HideSolutionNode = FALSE
	EndGlobalSection
	GlobalSection(ExtensibilityGlobals) = postSolution
		SolutionGuid = {B12781C8-FD29-484E-B32A-56DEDA6A1A43}
	EndGlobalSection
EndGlobal
